
Microsoft Visual Studio Solution File, Format Version 12.00
# Visual Studio 15
VisualStudioVersion = 15.0.27428.2011
MinimumVisualStudioVersion = 10.0.40219.1
Project("{FAE04EC0-301F-11D3-BF4B-00C04F79EFBC}") = "WorkWithMatrix", "WorkWithMatrix\WorkWithMatrix.csproj", "{C458A352-DB85-41D9-87BD-24091DD67AF3}"
EndProject
Global
	GlobalSection(SolutionConfigurationPlatforms) = preSolution
		Debug|Any CPU = Debug|Any CPU
		Release|Any CPU = Release|Any CPU
	EndGlobalSection
	GlobalSection(ProjectConfigurationPlatforms) = postSolution
		{C458A352-DB85-41D9-87BD-24091DD67AF3}.Debug|Any CPU.ActiveCfg = Debug|Any CPU
		{C458A352-DB85-41D9-87BD-24091DD67AF3}.Debug|Any CPU.Build.0 = Debug|Any CPU
		{C458A352-DB85-41D9-87BD-24091DD67AF3}.Release|Any CPU.ActiveCfg = Release|Any CPU
		{C458A352-DB85-41D9-87BD-24091DD67AF3}.Release|Any CPU.Build.0 = Release|Any CPU
	EndGlobalSection
	GlobalSection(SolutionProperties) = preSolution
		HideSolutionNode = FALSE
	EndGlobalSection
	GlobalSection(ExtensibilityGlobals) = postSolution
		SolutionGuid = {62C5FBB6-B191-4FE1-AF32-95FA8DF96F10}
	EndGlobalSection
EndGlobal
